
Microsoft Visual Studio Solution File, Format Version 12.00
# Visual Studio Version 17
VisualStudioVersion = 17.3.32929.385
MinimumVisualStudioVersion = 10.0.40219.1
Project("{FAE04EC0-301F-11D3-BF4B-00C04F79EFBC}") = "KütüphaneOtomasyon", "KütüphaneOtomasyon.csproj", "{E93F8FDA-756A-48FB-939B-1597BB39106E}"
EndProject
Global
	GlobalSection(SolutionConfigurationPlatforms) = preSolution
		Debug|Any CPU = Debug|Any CPU
		Release|Any CPU = Release|Any CPU
	EndGlobalSection
	GlobalSection(ProjectConfigurationPlatforms) = postSolution
		{E93F8FDA-756A-48FB-939B-1597BB39106E}.Debug|Any CPU.ActiveCfg = Debug|Any CPU
		{E93F8FDA-756A-48FB-939B-1597BB39106E}.Debug|Any CPU.Build.0 = Debug|Any CPU
		{E93F8FDA-756A-48FB-939B-1597BB39106E}.Release|Any CPU.ActiveCfg = Release|Any CPU
		{E93F8FDA-756A-48FB-939B-1597BB39106E}.Release|Any CPU.Build.0 = Release|Any CPU
	EndGlobalSection
	GlobalSection(SolutionProperties) = preSolution
		HideSolutionNode = FALSE
	EndGlobalSection
	GlobalSection(ExtensibilityGlobals) = postSolution
		SolutionGuid = {4EE16713-4085-4978-B5FB-41CF1BEEEAB5}
	EndGlobalSection
EndGlobal
